
Microsoft Visual Studio Solution File, Format Version 12.00
# Visual Studio Version 17
VisualStudioVersion = 17.11.35303.130
MinimumVisualStudioVersion = 10.0.40219.1
Project("{FAE04EC0-301F-11D3-BF4B-00C04F79EFBC}") = "NetCoreLearningPath.Carnation.Web", "NetCoreLearningPath.Carnation.Web\NetCoreLearningPath.Carnation.Web.csproj", "{D11DE54A-0703-435A-A47F-61C5EA59F67D}"
EndProject
Global
	GlobalSection(SolutionConfigurationPlatforms) = preSolution
		Debug|Any CPU = Debug|Any CPU
		Release|Any CPU = Release|Any CPU
	EndGlobalSection
	GlobalSection(ProjectConfigurationPlatforms) = postSolution
		{D11DE54A-0703-435A-A47F-61C5EA59F67D}.Debug|Any CPU.ActiveCfg = Debug|Any CPU
		{D11DE54A-0703-435A-A47F-61C5EA59F67D}.Debug|Any CPU.Build.0 = Debug|Any CPU
		{D11DE54A-0703-435A-A47F-61C5EA59F67D}.Release|Any CPU.ActiveCfg = Release|Any CPU
		{D11DE54A-0703-435A-A47F-61C5EA59F67D}.Release|Any CPU.Build.0 = Release|Any CPU
	EndGlobalSection
	GlobalSection(SolutionProperties) = preSolution
		HideSolutionNode = FALSE
	EndGlobalSection
	GlobalSection(ExtensibilityGlobals) = postSolution
		SolutionGuid = {81280A15-B676-4EFC-8F72-250DFB429EC2}
	EndGlobalSection
EndGlobal
